// !$*UTF8*$!
{
	archiveVersion = 1;
	classes = {
	};
	objectVersion = 50;
	objects = {

/* Begin PBXBuildFile section */
		FDAEA1B625EA00C1006E4817 /* AppDelegate.swift in Sources */ = {isa = PBXBuildFile; fileRef = FDAEA1B525EA00C1006E4817 /* AppDelegate.swift */; };
		FDAEA1B825EA00C1006E4817 /* SceneDelegate.swift in Sources */ = {isa = PBXBuildFile; fileRef = FDAEA1B725EA00C1006E4817 /* SceneDelegate.swift */; };
		FDAEA1BA25EA00C1006E4817 /* ViewController.swift in Sources */ = {isa = PBXBuildFile; fileRef = FDAEA1B925EA00C1006E4817 /* ViewController.swift */; };
		FDAEA1BD25EA00C1006E4817 /* Main.storyboard in Resources */ = {isa = PBXBuildFile; fileRef = FDAEA1BB25EA00C1006E4817 /* Main.storyboard */; };
		FDAEA1BF25EA00C2006E4817 /* Assets.xcassets in Resources */ = {isa = PBXBuildFile; fileRef = FDAEA1BE25EA00C2006E4817 /* Assets.xcassets */; };
		FDAEA1C225EA00C2006E4817 /* LaunchScreen.storyboard in Resources */ = {isa = PBXBuildFile; fileRef = FDAEA1C025EA00C2006E4817 /* LaunchScreen.storyboard */; };
		FDAEA1CD25EA00C2006E4817 /* FoodTrackerTests.swift in Sources */ = {isa = PBXBuildFile; fileRef = FDAEA1CC25EA00C2006E4817 /* FoodTrackerTests.swift */; };
		FDAEA1D825EA00C2006E4817 /* FoodTrackerUITests.swift in Sources */ = {isa = PBXBuildFile; fileRef = FDAEA1D725EA00C2006E4817 /* FoodTrackerUITests.swift */; };
/* End PBXBuildFile section */

/* Begin PBXContainerItemProxy section */
		FDAEA1C925EA00C2006E4817 /* PBXContainerItemProxy */ = {
			isa = PBXContainerItemProxy;
			containerPortal = FDAEA1AA25EA00C1006E4817 /* Project object */;
			proxyType = 1;
			remoteGlobalIDString = FDAEA1B125EA00C1006E4817;
			remoteInfo = FoodTracker;
		};
		FDAEA1D425EA00C2006E4817 /* PBXContainerItemProxy */ = {
			isa = PBXContainerItemProxy;
			containerPortal = FDAEA1AA25EA00C1006E4817 /* Project object */;
			proxyType = 1;
			remoteGlobalIDString = FDAEA1B125EA00C1006E4817;
			remoteInfo = FoodTracker;
		};
/* End PBXContainerItemProxy section */

/* Begin PBXFileReference section */
		FDAEA1B225EA00C1006E4817 /* FoodTracker.app */ = {isa = PBXFileReference; explicitFileType = wrapper.application; includeInIndex = 0; path = FoodTracker.app; sourceTree = BUILT_PRODUCTS_DIR; };
		FDAEA1B525EA00C1006E4817 /* AppDelegate.swift */ = {isa = PBXFileReference; lastKnownFileType = sourcecode.swift; path = AppDelegate.swift; sourceTree = "<group>"; };
		FDAEA1B725EA00C1006E4817 /* SceneDelegate.swift */ = {isa = PBXFileReference; lastKnownFileType = sourcecode.swift; path = SceneDelegate.swift; sourceTree = "<group>"; };
		FDAEA1B925EA00C1006E4817 /* ViewController.swift */ = {isa = PBXFileReference; lastKnownFileType = sourcecode.swift; path = ViewController.swift; sourceTree = "<group>"; };
		FDAEA1BC25EA00C1006E4817 /* Base */ = {isa = PBXFileReference; lastKnownFileType = file.storyboard; name = Base; path = Base.lproj/Main.storyboard; sourceTree = "<group>"; };
		FDAEA1BE25EA00C2006E4817 /* Assets.xcassets */ = {isa = PBXFileReference; lastKnownFileType = folder.assetcatalog; path = Assets.xcassets; sourceTree = "<group>"; };
		FDAEA1C125EA00C2006E4817 /* Base */ = {isa = PBXFileReference; lastKnownFileType = file.storyboard; name = Base; path = Base.lproj/LaunchScreen.storyboard; sourceTree = "<group>"; };
		FDAEA1C325EA00C2006E4817 /* Info.plist */ = {isa = PBXFileReference; lastKnownFileType = text.plist.xml; path = Info.plist; sourceTree = "<group>"; };
		FDAEA1C825EA00C2006E4817 /* FoodTrackerTests.xctest */ = {isa = PBXFileReference; explicitFileType = wrapper.cfbundle; includeInIndex = 0; path = FoodTrackerTests.xctest; sourceTree = BUILT_PRODUCTS_DIR; };
		FDAEA1CC25EA00C2006E4817 /* FoodTrackerTests.swift */ = {isa = PBXFileReference; lastKnownFileType = sourcecode.swift; path = FoodTrackerTests.swift; sourceTree = "<group>"; };
		FDAEA1CE25EA00C2006E4817 /* Info.plist */ = {isa = PBXFileReference; lastKnownFileType = text.plist.xml; path = Info.plist; sourceTree = "<group>"; };
		FDAEA1D325EA00C2006E4817 /* FoodTrackerUITests.xctest */ = {isa = PBXFileReference; explicitFileType = wrapper.cfbundle; includeInIndex = 0; path = FoodTrackerUITests.xctest; sourceTree = BUILT_PRODUCTS_DIR; };
		FDAEA1D725EA00C2006E4817 /* FoodTrackerUITests.swift */ = {isa = PBXFileReference; lastKnownFileType = sourcecode.swift; path = FoodTrackerUITests.swift; sourceTree = "<group>"; };
		FDAEA1D925EA00C2006E4817 /* Info.plist */ = {isa = PBXFileReference; lastKnownFileType = text.plist.xml; path = Info.plist; sourceTree = "<group>"; };
/* End PBXFileReference section */

/* Begin PBXFrameworksBuildPhase section */
		FDAEA1AF25EA00C1006E4817 /* Frameworks */ = {
			isa = PBXFrameworksBuildPhase;
			buildActionMask = 2147483647;
			files = (
			);
			runOnlyForDeploymentPostprocessing = 0;
		};
		FDAEA1C525EA00C2006E4817 /* Frameworks */ = {
			isa = PBXFrameworksBuildPhase;
			buildActionMask = 2147483647;
			files = (
			);
			runOnlyForDeploymentPostprocessing = 0;
		};
		FDAEA1D025EA00C2006E4817 /* Frameworks */ = {
			isa = PBXFrameworksBuildPhase;
			buildActionMask = 2147483647;
			files = (
			);
			runOnlyForDeploymentPostprocessing = 0;
		};
/* End PBXFrameworksBuildPhase section */

/* Begin PBXGroup section */
		FDAEA1A925EA00C1006E4817 = {
			isa = PBXGroup;
			children = (
				FDAEA1B425EA00C1006E4817 /* FoodTracker */,
				FDAEA1CB25EA00C2006E4817 /* FoodTrackerTests */,
				FDAEA1D625EA00C2006E4817 /* FoodTrackerUITests */,
				FDAEA1B325EA00C1006E4817 /* Products */,
			);
			sourceTree = "<group>";
		};
		FDAEA1B325EA00C1006E4817 /* Products */ = {
			isa = PBXGroup;
			children = (
				FDAEA1B225EA00C1006E4817 /* FoodTracker.app */,
				FDAEA1C825EA00C2006E4817 /* FoodTrackerTests.xctest */,
				FDAEA1D325EA00C2006E4817 /* FoodTrackerUITests.xctest */,
			);
			name = Products;
			sourceTree = "<group>";
		};
		FDAEA1B425EA00C1006E4817 /* FoodTracker */ = {
			isa = PBXGroup;
			children = (
				FDAEA1B525EA00C1006E4817 /* AppDelegate.swift */,
				FDAEA1B725EA00C1006E4817 /* SceneDelegate.swift */,
				FDAEA1B925EA00C1006E4817 /* ViewController.swift */,
				FDAEA1BB25EA00C1006E4817 /* Main.storyboard */,
				FDAEA1BE25EA00C2006E4817 /* Assets.xcassets */,
				FDAEA1C025EA00C2006E4817 /* LaunchScreen.storyboard */,
				FDAEA1C325EA00C2006E4817 /* Info.plist */,
			);
			path = FoodTracker;
			sourceTree = "<group>";
		};
		FDAEA1CB25EA00C2006E4817 /* FoodTrackerTests */ = {
			isa = PBXGroup;
			children = (
				FDAEA1CC25EA00C2006E4817 /* FoodTrackerTests.swift */,
				FDAEA1CE25EA00C2006E4817 /* Info.plist */,
			);
			path = FoodTrackerTests;
			sourceTree = "<group>";
		};
		FDAEA1D625EA00C2006E4817 /* FoodTrackerUITests */ = {
			isa = PBXGroup;
			children = (
				FDAEA1D725EA00C2006E4817 /* FoodTrackerUITests.swift */,
				FDAEA1D925EA00C2006E4817 /* Info.plist */,
			);
			path = FoodTrackerUITests;
			sourceTree = "<group>";
		};
/* End PBXGroup section */

/* Begin PBXNativeTarget section */
		FDAEA1B125EA00C1006E4817 /* FoodTracker */ = {
			isa = PBXNativeTarget;
			buildConfigurationList = FDAEA1DC25EA00C2006E4817 /* Build configuration list for PBXNativeTarget "FoodTracker" */;
			buildPhases = (
				FDAEA1AE25EA00C1006E4817 /* Sources */,
				FDAEA1AF25EA00C1006E4817 /* Frameworks */,
				FDAEA1B025EA00C1006E4817 /* Resources */,
			);
			buildRules = (
			);
			dependencies = (
			);
			name = FoodTracker;
			productName = FoodTracker;
			productReference = FDAEA1B225EA00C1006E4817 /* FoodTracker.app */;
			productType = "com.apple.product-type.application";
		};
		FDAEA1C725EA00C2006E4817 /* FoodTrackerTests */ = {
			isa = PBXNativeTarget;
			buildConfigurationList = FDAEA1DF25EA00C2006E4817 /* Build configuration list for PBXNativeTarget "FoodTrackerTests" */;
			buildPhases = (
				FDAEA1C425EA00C2006E4817 /* Sources */,
				FDAEA1C525EA00C2006E4817 /* Frameworks */,
				FDAEA1C625EA00C2006E4817 /* Resources */,
			);
			buildRules = (
			);
			dependencies = (
				FDAEA1CA25EA00C2006E4817 /* PBXTargetDependency */,
			);
			name = FoodTrackerTests;
			productName = FoodTrackerTests;
			productReference = FDAEA1C825EA00C2006E4817 /* FoodTrackerTests.xctest */;
			productType = "com.apple.product-type.bundle.unit-test";
		};
		FDAEA1D225EA00C2006E4817 /* FoodTrackerUITests */ = {
			isa = PBXNativeTarget;
			buildConfigurationList = FDAEA1E225EA00C2006E4817 /* Build configuration list for PBXNativeTarget "FoodTrackerUITests" */;
			buildPhases = (
				FDAEA1CF25EA00C2006E4817 /* Sources */,
				FDAEA1D025EA00C2006E4817 /* Frameworks */,
				FDAEA1D125EA00C2006E4817 /* Resources */,
			);
			buildRules = (
			);
			dependencies = (
				FDAEA1D525EA00C2006E4817 /* PBXTargetDependency */,
			);
			name = FoodTrackerUITests;
			productName = FoodTrackerUITests;
			productReference = FDAEA1D325EA00C2006E4817 /* FoodTrackerUITests.xctest */;
			productType = "com.apple.product-type.bundle.ui-testing";
		};
/* End PBXNativeTarget section */

/* Begin PBXProject section */
		FDAEA1AA25EA00C1006E4817 /* Project object */ = {
			isa = PBXProject;
			attributes = {
				LastSwiftUpdateCheck = 1240;
				LastUpgradeCheck = 1240;
				TargetAttributes = {
					FDAEA1B125EA00C1006E4817 = {
						CreatedOnToolsVersion = 12.4;
					};
					FDAEA1C725EA00C2006E4817 = {
						CreatedOnToolsVersion = 12.4;
						TestTargetID = FDAEA1B125EA00C1006E4817;
					};
					FDAEA1D225EA00C2006E4817 = {
						CreatedOnToolsVersion = 12.4;
						TestTargetID = FDAEA1B125EA00C1006E4817;
					};
				};
			};
			buildConfigurationList = FDAEA1AD25EA00C1006E4817 /* Build configuration list for PBXProject "FoodTracker" */;
			compatibilityVersion = "Xcode 9.3";
			developmentRegion = en;
			hasScannedForEncodings = 0;
			knownRegions = (
				en,
				Base,
			);
			mainGroup = FDAEA1A925EA00C1006E4817;
			productRefGroup = FDAEA1B325EA00C1006E4817 /* Products */;
			projectDirPath = "";
			projectRoot = "";
			targets = (
				FDAEA1B125EA00C1006E4817 /* FoodTracker */,
				FDAEA1C725EA00C2006E4817 /* FoodTrackerTests */,
				FDAEA1D225EA00C2006E4817 /* FoodTrackerUITests */,
			);
		};
/* End PBXProject section */

/* Begin PBXResourcesBuildPhase section */
		FDAEA1B025EA00C1006E4817 /* Resources */ = {
			isa = PBXResourcesBuildPhase;
			buildActionMask = 2147483647;
			files = (
				FDAEA1C225EA00C2006E4817 /* LaunchScreen.storyboard in Resources */,
				FDAEA1BF25EA00C2006E4817 /* Assets.xcassets in Resources */,
				FDAEA1BD25EA00C1006E4817 /* Main.storyboard in Resources */,
			);
			runOnlyForDeploymentPostprocessing = 0;
		};
		FDAEA1C625EA00C2006E4817 /* Resources */ = {
			isa = PBXResourcesBuildPhase;
			buildActionMask = 2147483647;
			files = (
			);
			runOnlyForDeploymentPostprocessing = 0;
		};
		FDAEA1D125EA00C2006E4817 /* Resources */ = {
			isa = PBXResourcesBuildPhase;
			buildActionMask = 2147483647;
			files = (
			);
			runOnlyForDeploymentPostprocessing = 0;
		};
/* End PBXResourcesBuildPhase section */

/* Begin PBXSourcesBuildPhase section */
		FDAEA1AE25EA00C1006E4817 /* Sources */ = {
			isa = PBXSourcesBuildPhase;
			buildActionMask = 2147483647;
			files = (
				FDAEA1BA25EA00C1006E4817 /* ViewController.swift in Sources */,
				FDAEA1B625EA00C1006E4817 /* AppDelegate.swift in Sources */,
				FDAEA1B825EA00C1006E4817 /* SceneDelegate.swift in Sources */,
			);
			runOnlyForDeploymentPostprocessing = 0;
		};
		FDAEA1C425EA00C2006E4817 /* Sources */ = {
			isa = PBXSourcesBuildPhase;
			buildActionMask = 2147483647;
			files = (
				FDAEA1CD25EA00C2006E4817 /* FoodTrackerTests.swift in Sources */,
			);
			runOnlyForDeploymentPostprocessing = 0;
		};
		FDAEA1CF25EA00C2006E4817 /* Sources */ = {
			isa = PBXSourcesBuildPhase;
			buildActionMask = 2147483647;
			files = (
				FDAEA1D825EA00C2006E4817 /* FoodTrackerUITests.swift in Sources */,
			);
			runOnlyForDeploymentPostprocessing = 0;
		};
/* End PBXSourcesBuildPhase section */

/* Begin PBXTargetDependency section */
		FDAEA1CA25EA00C2006E4817 /* PBXTargetDependency */ = {
			isa = PBXTargetDependency;
			target = FDAEA1B125EA00C1006E4817 /* FoodTracker */;
			targetProxy = FDAEA1C925EA00C2006E4817 /* PBXContainerItemProxy */;
		};
		FDAEA1D525EA00C2006E4817 /* PBXTargetDependency */ = {
			isa = PBXTargetDependency;
			target = FDAEA1B125EA00C1006E4817 /* FoodTracker */;
			targetProxy = FDAEA1D425EA00C2006E4817 /* PBXContainerItemProxy */;
		};
/* End PBXTargetDependency section */

/* Begin PBXVariantGroup section */
		FDAEA1BB25EA00C1006E4817 /* Main.storyboard */ = {
			isa = PBXVariantGroup;
			children = (
				FDAEA1BC25EA00C1006E4817 /* Base */,
			);
			name = Main.storyboard;
			sourceTree = "<group>";
		};
		FDAEA1C025EA00C2006E4817 /* LaunchScreen.storyboard */ = {
			isa = PBXVariantGroup;
			children = (
				FDAEA1C125EA00C2006E4817 /* Base */,
			);
			name = LaunchScreen.storyboard;
			sourceTree = "<group>";
		};
/* End PBXVariantGroup section */

/* Begin XCBuildConfiguration section */
		FDAEA1DA25EA00C2006E4817 /* Debug */ = {
			isa = XCBuildConfiguration;
			buildSettings = {
				ALWAYS_SEARCH_USER_PATHS = NO;
				CLANG_ANALYZER_NONNULL = YES;
				CLANG_ANALYZER_NUMBER_OBJECT_CONVERSION = YES_AGGRESSIVE;
				CLANG_CXX_LANGUAGE_STANDARD = "gnu++14";
				CLANG_CXX_LIBRARY = "libc++";
				CLANG_ENABLE_MODULES = YES;
				CLANG_ENABLE_OBJC_ARC = YES;
				CLANG_ENABLE_OBJC_WEAK = YES;
				CLANG_WARN_BLOCK_CAPTURE_AUTORELEASING = YES;
				CLANG_WARN_BOOL_CONVERSION = YES;
				CLANG_WARN_COMMA = YES;
				CLANG_WARN_CONSTANT_CONVERSION = YES;
				CLANG_WARN_DEPRECATED_OBJC_IMPLEMENTATIONS = YES;
				CLANG_WARN_DIRECT_OBJC_ISA_USAGE = YES_ERROR;
				CLANG_WARN_DOCUMENTATION_COMMENTS = YES;
				CLANG_WARN_EMPTY_BODY = YES;
				CLANG_WARN_ENUM_CONVERSION = YES;
				CLANG_WARN_INFINITE_RECURSION = YES;
				CLANG_WARN_INT_CONVERSION = YES;
				CLANG_WARN_NON_LITERAL_NULL_CONVERSION = YES;
				CLANG_WARN_OBJC_IMPLICIT_RETAIN_SELF = YES;
				CLANG_WARN_OBJC_LITERAL_CONVERSION = YES;
				CLANG_WARN_OBJC_ROOT_CLASS = YES_ERROR;
				CLANG_WARN_QUOTED_INCLUDE_IN_FRAMEWORK_HEADER = YES;
				CLANG_WARN_RANGE_LOOP_ANALYSIS = YES;
				CLANG_WARN_STRICT_PROTOTYPES = YES;
				CLANG_WARN_SUSPICIOUS_MOVE = YES;
				CLANG_WARN_UNGUARDED_AVAILABILITY = YES_AGGRESSIVE;
				CLANG_WARN_UNREACHABLE_CODE = YES;
				CLANG_WARN__DUPLICATE_METHOD_MATCH = YES;
				COPY_PHASE_STRIP = NO;
				DEBUG_INFORMATION_FORMAT = dwarf;
				ENABLE_STRICT_OBJC_MSGSEND = YES;
				ENABLE_TESTABILITY = YES;
				GCC_C_LANGUAGE_STANDARD = gnu11;
				GCC_DYNAMIC_NO_PIC = NO;
				GCC_NO_COMMON_BLOCKS = YES;
				GCC_OPTIMIZATION_LEVEL = 0;
				GCC_PREPROCESSOR_DEFINITIONS = (
					"DEBUG=1",
					"$(inherited)",
				);
				GCC_WARN_64_TO_32_BIT_CONVERSION = YES;
				GCC_WARN_ABOUT_RETURN_TYPE = YES_ERROR;
				GCC_WARN_UNDECLARED_SELECTOR = YES;
				GCC_WARN_UNINITIALIZED_AUTOS = YES_AGGRESSIVE;
				GCC_WARN_UNUSED_FUNCTION = YES;
				GCC_WARN_UNUSED_VARIABLE = YES;
				IPHONEOS_DEPLOYMENT_TARGET = 14.4;
				MTL_ENABLE_DEBUG_INFO = INCLUDE_SOURCE;
				MTL_FAST_MATH = YES;
				ONLY_ACTIVE_ARCH = YES;
				SDKROOT = iphoneos;
				SWIFT_ACTIVE_COMPILATION_CONDITIONS = DEBUG;
				SWIFT_OPTIMIZATION_LEVEL = "-Onone";
			};
			name = Debug;
		};
		FDAEA1DB25EA00C2006E4817 /* Release */ = {
			isa = XCBuildConfiguration;
			buildSettings = {
				ALWAYS_SEARCH_USER_PATHS = NO;
				CLANG_ANALYZER_NONNULL = YES;
				CLANG_ANALYZER_NUMBER_OBJECT_CONVERSION = YES_AGGRESSIVE;
				CLANG_CXX_LANGUAGE_STANDARD = "gnu++14";
				CLANG_CXX_LIBRARY = "libc++";
				CLANG_ENABLE_MODULES = YES;
				CLANG_ENABLE_OBJC_ARC = YES;
				CLANG_ENABLE_OBJC_WEAK = YES;
				CLANG_WARN_BLOCK_CAPTURE_AUTORELEASING = YES;
				CLANG_WARN_BOOL_CONVERSION = YES;
				CLANG_WARN_COMMA = YES;
				CLANG_WARN_CONSTANT_CONVERSION = YES;
				CLANG_WARN_DEPRECATED_OBJC_IMPLEMENTATIONS = YES;
				CLANG_WARN_DIRECT_OBJC_ISA_USAGE = YES_ERROR;
				CLANG_WARN_DOCUMENTATION_COMMENTS = YES;
				CLANG_WARN_EMPTY_BODY = YES;
				CLANG_WARN_ENUM_CONVERSION = YES;
				CLANG_WARN_INFINITE_RECURSION = YES;
				CLANG_WARN_INT_CONVERSION = YES;
				CLANG_WARN_NON_LITERAL_NULL_CONVERSION = YES;
				CLANG_WARN_OBJC_IMPLICIT_RETAIN_SELF = YES;
				CLANG_WARN_OBJC_LITERAL_CONVERSION = YES;
				CLANG_WARN_OBJC_ROOT_CLASS = YES_ERROR;
				CLANG_WARN_QUOTED_INCLUDE_IN_FRAMEWORK_HEADER = YES;
				CLANG_WARN_RANGE_LOOP_ANALYSIS = YES;
				CLANG_WARN_STRICT_PROTOTYPES = YES;
				CLANG_WARN_SUSPICIOUS_MOVE = YES;
				CLANG_WARN_UNGUARDED_AVAILABILITY = YES_AGGRESSIVE;
				CLANG_WARN_UNREACHABLE_CODE = YES;
				CLANG_WARN__DUPLICATE_METHOD_MATCH = YES;
				COPY_PHASE_STRIP = NO;
				DEBUG_INFORMATION_FORMAT = "dwarf-with-dsym";
				ENABLE_NS_ASSERTIONS = NO;
				ENABLE_STRICT_OBJC_MSGSEND = YES;
				GCC_C_LANGUAGE_STANDARD = gnu11;
				GCC_NO_COMMON_BLOCKS = YES;
				GCC_WARN_64_TO_32_BIT_CONVERSION = YES;
				GCC_WARN_ABOUT_RETURN_TYPE = YES_ERROR;
				GCC_WARN_UNDECLARED_SELECTOR = YES;
				GCC_WARN_UNINITIALIZED_AUTOS = YES_AGGRESSIVE;
				GCC_WARN_UNUSED_FUNCTION = YES;
				GCC_WARN_UNUSED_VARIABLE = YES;
				IPHONEOS_DEPLOYMENT_TARGET = 14.4;
				MTL_ENABLE_DEBUG_INFO = NO;
				MTL_FAST_MATH = YES;
				SDKROOT = iphoneos;
				SWIFT_COMPILATION_MODE = wholemodule;
				SWIFT_OPTIMIZATION_LEVEL = "-O";
				VALIDATE_PRODUCT = YES;
			};
			name = Release;
		};
		FDAEA1DD25EA00C2006E4817 /* Debug */ = {
			isa = XCBuildConfiguration;
			buildSettings = {
				ASSETCATALOG_COMPILER_APPICON_NAME = AppIcon;
				ASSETCATALOG_COMPILER_GLOBAL_ACCENT_COLOR_NAME = AccentColor;
				CODE_SIGN_STYLE = Automatic;
				DEVELOPMENT_TEAM = CA42XHA49K;
				INFOPLIST_FILE = FoodTracker/Info.plist;
				LD_RUNPATH_SEARCH_PATHS = (
					"$(inherited)",
					"@executable_path/Frameworks",
				);
				PRODUCT_BUNDLE_IDENTIFIER = com.jonasknudsen.FoodTracker;
				PRODUCT_NAME = "$(TARGET_NAME)";
				SWIFT_VERSION = 5.0;
				TARGETED_DEVICE_FAMILY = "1,2";
			};
			name = Debug;
		};
		FDAEA1DE25EA00C2006E4817 /* Release */ = {
			isa = XCBuildConfiguration;
			buildSettings = {
				ASSETCATALOG_COMPILER_APPICON_NAME = AppIcon;
				ASSETCATALOG_COMPILER_GLOBAL_ACCENT_COLOR_NAME = AccentColor;
				CODE_SIGN_STYLE = Automatic;
				DEVELOPMENT_TEAM = CA42XHA49K;
				INFOPLIST_FILE = FoodTracker/Info.plist;
				LD_RUNPATH_SEARCH_PATHS = (
					"$(inherited)",
					"@executable_path/Frameworks",
				);
				PRODUCT_BUNDLE_IDENTIFIER = com.jonasknudsen.FoodTracker;
				PRODUCT_NAME = "$(TARGET_NAME)";
				SWIFT_VERSION = 5.0;
				TARGETED_DEVICE_FAMILY = "1,2";
			};
			name = Release;
		};
		FDAEA1E025EA00C2006E4817 /* Debug */ = {
			isa = XCBuildConfiguration;
			buildSettings = {
				ALWAYS_EMBED_SWIFT_STANDARD_LIBRARIES = YES;
				BUNDLE_LOADER = "$(TEST_HOST)";
				CODE_SIGN_STYLE = Automatic;
				DEVELOPMENT_TEAM = CA42XHA49K;
				INFOPLIST_FILE = FoodTrackerTests/Info.plist;
				IPHONEOS_DEPLOYMENT_TARGET = 14.4;
				LD_RUNPATH_SEARCH_PATHS = (
					"$(inherited)",
					"@executable_path/Frameworks",
					"@loader_path/Frameworks",
				);
				PRODUCT_BUNDLE_IDENTIFIER = com.jonasknudsen.FoodTrackerTests;
				PRODUCT_NAME = "$(TARGET_NAME)";
				SWIFT_VERSION = 5.0;
				TARGETED_DEVICE_FAMILY = "1,2";
				TEST_HOST = "$(BUILT_PRODUCTS_DIR)/FoodTracker.app/FoodTracker";
			};
			name = Debug;
		};
		FDAEA1E125EA00C2006E4817 /* Release */ = {
			isa = XCBuildConfiguration;
			buildSettings = {
				ALWAYS_EMBED_SWIFT_STANDARD_LIBRARIES = YES;
				BUNDLE_LOADER = "$(TEST_HOST)";
				CODE_SIGN_STYLE = Automatic;
				DEVELOPMENT_TEAM = CA42XHA49K;
				INFOPLIST_FILE = FoodTrackerTests/Info.plist;
				IPHONEOS_DEPLOYMENT_TARGET = 14.4;
				LD_RUNPATH_SEARCH_PATHS = (
					"$(inherited)",
					"@executable_path/Frameworks",
					"@loader_path/Frameworks",
				);
				PRODUCT_BUNDLE_IDENTIFIER = com.jonasknudsen.FoodTrackerTests;
				PRODUCT_NAME = "$(TARGET_NAME)";
				SWIFT_VERSION = 5.0;
				TARGETED_DEVICE_FAMILY = "1,2";
				TEST_HOST = "$(BUILT_PRODUCTS_DIR)/FoodTracker.app/FoodTracker";
			};
			name = Release;
		};
		FDAEA1E325EA00C2006E4817 /* Debug */ = {
			isa = XCBuildConfiguration;
			buildSettings = {
				ALWAYS_EMBED_SWIFT_STANDARD_LIBRARIES = YES;
				CODE_SIGN_STYLE = Automatic;
				DEVELOPMENT_TEAM = CA42XHA49K;
				INFOPLIST_FILE = FoodTrackerUITests/Info.plist;
				LD_RUNPATH_SEARCH_PATHS = (
					"$(inherited)",
					"@executable_path/Frameworks",
					"@loader_path/Frameworks",
				);
				PRODUCT_BUNDLE_IDENTIFIER = com.jonasknudsen.FoodTrackerUITests;
				PRODUCT_NAME = "$(TARGET_NAME)";
				SWIFT_VERSION = 5.0;
				TARGETED_DEVICE_FAMILY = "1,2";
				TEST_TARGET_NAME = FoodTracker;
			};
			name = Debug;
		};
		FDAEA1E425EA00C2006E4817 /* Release */ = {
			isa = XCBuildConfiguration;
			buildSettings = {
				ALWAYS_EMBED_SWIFT_STANDARD_LIBRARIES = YES;
				CODE_SIGN_STYLE = Automatic;
				DEVELOPMENT_TEAM = CA42XHA49K;
				INFOPLIST_FILE = FoodTrackerUITests/Info.plist;
				LD_RUNPATH_SEARCH_PATHS = (
					"$(inherited)",
					"@executable_path/Frameworks",
					"@loader_path/Frameworks",
				);
				PRODUCT_BUNDLE_IDENTIFIER = com.jonasknudsen.FoodTrackerUITests;
				PRODUCT_NAME = "$(TARGET_NAME)";
				SWIFT_VERSION = 5.0;
				TARGETED_DEVICE_FAMILY = "1,2";
				TEST_TARGET_NAME = FoodTracker;
			};
			name = Release;
		};
/* End XCBuildConfiguration section */

/* Begin XCConfigurationList section */
		FDAEA1AD25EA00C1006E4817 /* Build configuration list for PBXProject "FoodTracker" */ = {
			isa = XCConfigurationList;
			buildConfigurations = (
				FDAEA1DA25EA00C2006E4817 /* Debug */,
				FDAEA1DB25EA00C2006E4817 /* Release */,
			);
			defaultConfigurationIsVisible = 0;
			defaultConfigurationName = Release;
		};
		FDAEA1DC25EA00C2006E4817 /* Build configuration list for PBXNativeTarget "FoodTracker" */ = {
			isa = XCConfigurationList;
			buildConfigurations = (
				FDAEA1DD25EA00C2006E4817 /* Debug */,
				FDAEA1DE25EA00C2006E4817 /* Release */,
			);
			defaultConfigurationIsVisible = 0;
			defaultConfigurationName = Release;
		};
		FDAEA1DF25EA00C2006E4817 /* Build configuration list for PBXNativeTarget "FoodTrackerTests" */ = {
			isa = XCConfigurationList;
			buildConfigurations = (
				FDAEA1E025EA00C2006E4817 /* Debug */,
				FDAEA1E125EA00C2006E4817 /* Release */,
			);
			defaultConfigurationIsVisible = 0;
			defaultConfigurationName = Release;
		};
		FDAEA1E225EA00C2006E4817 /* Build configuration list for PBXNativeTarget "FoodTrackerUITests" */ = {
			isa = XCConfigurationList;
			buildConfigurations = (
				FDAEA1E325EA00C2006E4817 /* Debug */,
				FDAEA1E425EA00C2006E4817 /* Release */,
			);
			defaultConfigurationIsVisible = 0;
			defaultConfigurationName = Release;
		};
/* End XCConfigurationList section */
	};
	rootObject = FDAEA1AA25EA00C1006E4817 /* Project object */;
}
